
Microsoft Visual Studio Solution File, Format Version 12.00
# Visual Studio 15
VisualStudioVersion = 15.0.27130.2036
MinimumVisualStudioVersion = 10.0.40219.1
Project("{FAE04EC0-301F-11D3-BF4B-00C04F79EFBC}") = "Task1", "Task1\Task1.csproj", "{B4027E62-246A-43E8-B647-2D4DED801477}"
EndProject
Global
	GlobalSection(SolutionConfigurationPlatforms) = preSolution
		Debug|Any CPU = Debug|Any CPU
		Release|Any CPU = Release|Any CPU
	EndGlobalSection
	GlobalSection(ProjectConfigurationPlatforms) = postSolution
		{B4027E62-246A-43E8-B647-2D4DED801477}.Debug|Any CPU.ActiveCfg = Debug|Any CPU
		{B4027E62-246A-43E8-B647-2D4DED801477}.Debug|Any CPU.Build.0 = Debug|Any CPU
		{B4027E62-246A-43E8-B647-2D4DED801477}.Release|Any CPU.ActiveCfg = Release|Any CPU
		{B4027E62-246A-43E8-B647-2D4DED801477}.Release|Any CPU.Build.0 = Release|Any CPU
	EndGlobalSection
	GlobalSection(SolutionProperties) = preSolution
		HideSolutionNode = FALSE
	EndGlobalSection
	GlobalSection(ExtensibilityGlobals) = postSolution
		SolutionGuid = {E861B534-48BC-4618-B695-25BBD4970755}
	EndGlobalSection
EndGlobal
